{
  "nodes": {
    "darwin": {
      "inputs": {
        "nixpkgs": [
          "nixpkgs"
        ]
      },
      "locked": {
        "lastModified": 1617693609,
        "narHash": "sha256-/+6wm08yHK8mhyljzELD4WE9Gh8XUVbHL0R1TQpZtTQ=",
        "owner": "lnl7",
        "repo": "nix-darwin",
        "rev": "a7492a8c76dcc702d0a65cd820a5f9baa8702684",
        "type": "github"
      },
      "original": {
        "owner": "lnl7",
        "ref": "master",
        "repo": "nix-darwin",
        "type": "github"
      }
    },
    "nixpkgs": {
      "locked": {
        "lastModified": 1621630417,
        "narHash": "sha256-hf536Su7WmOILZMmMuvi6/WsfNTsDAA9TcRwNcxXA1A=",
        "owner": "nixos",
        "repo": "nixpkgs",
        "rev": "1f7155200fa1eb752054e2c9062bfdeb023e8098",
        "type": "github"
      },
      "original": {
        "owner": "nixos",
        "ref": "nixpkgs-20.09-darwin",
        "repo": "nixpkgs",
        "type": "github"
      }
    },
    "root": {
      "inputs": {
        "darwin": "darwin",
        "nixpkgs": "nixpkgs"
      }
    }
  },
  "root": "root",
  "version": 7
}
