{
  "nodes": {
    "darwin": {
      "inputs": {
        "nixpkgs": [
          "nixpkgs"
        ]
      },
      "locked": {
        "lastModified": 1617693609,
        "narHash": "sha256-/+6wm08yHK8mhyljzELD4WE9Gh8XUVbHL0R1TQpZtTQ=",
        "owner": "lnl7",
        "repo": "nix-darwin",
        "rev": "a7492a8c76dcc702d0a65cd820a5f9baa8702684",
        "type": "github"
      },
      "original": {
        "owner": "lnl7",
        "ref": "master",
        "repo": "nix-darwin",
        "type": "github"
      }
    },
    "nixpkgs": {
      "locked": {
        "lastModified": 1621644465,
        "narHash": "sha256-L95QYN4KeBSoZTm1IksBkOtZ36qBHr60kWy18wxq3D8=",
        "owner": "nixos",
        "repo": "nixpkgs",
        "rev": "b4fd56d50b3caeb21b672cf5c8f6f2aa70173840",
        "type": "github"
      },
      "original": {
        "owner": "nixos",
        "ref": "master",
        "repo": "nixpkgs",
        "type": "github"
      }
    },
    "root": {
      "inputs": {
        "darwin": "darwin",
        "nixpkgs": "nixpkgs"
      }
    }
  },
  "root": "root",
  "version": 7
}
