{
  "nodes": {
    "darwin": {
      "inputs": {
        "nixpkgs": [
          "nixpkgs"
        ]
      },
      "locked": {
        "lastModified": 1640117230,
        "narHash": "sha256-W7LXeJavyIzNfNaoEsK65sEaCGqE9MVWvK0xSzNR4ls=",
        "owner": "lnl7",
        "repo": "nix-darwin",
        "rev": "5851d9613edf8b2279746c7e5b9faac55ff17e8a",
        "type": "github"
      },
      "original": {
        "owner": "lnl7",
        "ref": "master",
        "repo": "nix-darwin",
        "type": "github"
      }
    },
    "home-manager": {
      "inputs": {
        "nixpkgs": [
          "nixpkgs"
        ]
      },
      "locked": {
        "lastModified": 1639871969,
        "narHash": "sha256-6feWUnMygRzA9tzkrfAzpA5/NBYg75bkFxnqb1DtD7E=",
        "owner": "nix-community",
        "repo": "home-manager",
        "rev": "697cc8c68ed6a606296efbbe9614c32537078756",
        "type": "github"
      },
      "original": {
        "owner": "nix-community",
        "ref": "release-21.11",
        "repo": "home-manager",
        "type": "github"
      }
    },
    "nixpkgs": {
      "locked": {
        "lastModified": 1637674754,
        "narHash": "sha256-WXzbEsNrkGOTHHNDtnDWQLSqmVWrs/8ATAiTbNyR84s=",
        "owner": "nixos",
        "repo": "nixpkgs",
        "rev": "c6702166a675c64659dc9b48c7095856c52bccac",
        "type": "github"
      },
      "original": {
        "owner": "nixos",
        "repo": "nixpkgs",
        "rev": "c6702166a675c64659dc9b48c7095856c52bccac",
        "type": "github"
      }
    },
    "root": {
      "inputs": {
        "darwin": "darwin",
        "home-manager": "home-manager",
        "nixpkgs": "nixpkgs"
      }
    }
  },
  "root": "root",
  "version": 7
}
